
Microsoft Visual Studio Solution File, Format Version 12.00
Project("{FAE04EC0-301F-11D3-BF4B-00C04F79EFBC}") = "BlizzardNet", "BlizzardNet\BlizzardNet.csproj", "{2EB36294-0203-4422-8820-E001DB954D20}"
EndProject
Project("{FAE04EC0-301F-11D3-BF4B-00C04F79EFBC}") = "BlizzardNet.Tests", "BlizzardNet.Tests\BlizzardNet.Tests.csproj", "{8603EDAA-BDA6-444B-A655-714F25DC7479}"
EndProject
Global
	GlobalSection(SolutionConfigurationPlatforms) = preSolution
		Debug|Any CPU = Debug|Any CPU
		Release|Any CPU = Release|Any CPU
	EndGlobalSection
	GlobalSection(ProjectConfigurationPlatforms) = postSolution
		{2EB36294-0203-4422-8820-E001DB954D20}.Debug|Any CPU.ActiveCfg = Debug|Any CPU
		{2EB36294-0203-4422-8820-E001DB954D20}.Debug|Any CPU.Build.0 = Debug|Any CPU
		{2EB36294-0203-4422-8820-E001DB954D20}.Release|Any CPU.ActiveCfg = Release|Any CPU
		{2EB36294-0203-4422-8820-E001DB954D20}.Release|Any CPU.Build.0 = Release|Any CPU
		{8603EDAA-BDA6-444B-A655-714F25DC7479}.Debug|Any CPU.ActiveCfg = Debug|Any CPU
		{8603EDAA-BDA6-444B-A655-714F25DC7479}.Debug|Any CPU.Build.0 = Debug|Any CPU
		{8603EDAA-BDA6-444B-A655-714F25DC7479}.Release|Any CPU.ActiveCfg = Release|Any CPU
		{8603EDAA-BDA6-444B-A655-714F25DC7479}.Release|Any CPU.Build.0 = Release|Any CPU
	EndGlobalSection
EndGlobal
